// !$*UTF8*$!
{
	archiveVersion = 1;
	classes = {
	};
	objectVersion = 50;
	objects = {

/* Begin PBXBuildFile section */
		8B73D1FF247D029C00685CB8 /* VulcanTracking WatchKit App.app in Embed Watch Content */ = {isa = PBXBuildFile; fileRef = 8B73D1FE247D029C00685CB8 /* VulcanTracking WatchKit App.app */; settings = {ATTRIBUTES = (RemoveHeadersOnCopy, ); }; };
		8B73D205247D029C00685CB8 /* Interface.storyboard in Resources */ = {isa = PBXBuildFile; fileRef = 8B73D203247D029C00685CB8 /* Interface.storyboard */; };
		8B73D207247D02A000685CB8 /* Assets.xcassets in Resources */ = {isa = PBXBuildFile; fileRef = 8B73D206247D02A000685CB8 /* Assets.xcassets */; };
		8B73D20E247D02A100685CB8 /* VulcanTracking WatchKit Extension.appex in Embed App Extensions */ = {isa = PBXBuildFile; fileRef = 8B73D20D247D02A100685CB8 /* VulcanTracking WatchKit Extension.appex */; settings = {ATTRIBUTES = (RemoveHeadersOnCopy, ); }; };
		8B73D213247D02A100685CB8 /* InterfaceController.swift in Sources */ = {isa = PBXBuildFile; fileRef = 8B73D212247D02A100685CB8 /* InterfaceController.swift */; };
		8B73D215247D02A100685CB8 /* ExtensionDelegate.swift in Sources */ = {isa = PBXBuildFile; fileRef = 8B73D214247D02A100685CB8 /* ExtensionDelegate.swift */; };
		8B73D217247D02A100685CB8 /* NotificationController.swift in Sources */ = {isa = PBXBuildFile; fileRef = 8B73D216247D02A100685CB8 /* NotificationController.swift */; };
		8B73D219247D02A200685CB8 /* Assets.xcassets in Resources */ = {isa = PBXBuildFile; fileRef = 8B73D218247D02A200685CB8 /* Assets.xcassets */; };
		8B73D22A247D04E700685CB8 /* Event.swift in Sources */ = {isa = PBXBuildFile; fileRef = 8B73D229247D04E700685CB8 /* Event.swift */; };
		8B73D22C247D0B0D00685CB8 /* TrackingService.swift in Sources */ = {isa = PBXBuildFile; fileRef = 8B73D22B247D0B0D00685CB8 /* TrackingService.swift */; };
/* End PBXBuildFile section */

/* Begin PBXContainerItemProxy section */
		8B73D200247D029C00685CB8 /* PBXContainerItemProxy */ = {
			isa = PBXContainerItemProxy;
			containerPortal = 8B73D1F4247D029C00685CB8 /* Project object */;
			proxyType = 1;
			remoteGlobalIDString = 8B73D1FD247D029C00685CB8;
			remoteInfo = "VulcanTracking WatchKit App";
		};
		8B73D20F247D02A100685CB8 /* PBXContainerItemProxy */ = {
			isa = PBXContainerItemProxy;
			containerPortal = 8B73D1F4247D029C00685CB8 /* Project object */;
			proxyType = 1;
			remoteGlobalIDString = 8B73D20C247D02A100685CB8;
			remoteInfo = "VulcanTracking WatchKit Extension";
		};
/* End PBXContainerItemProxy section */

/* Begin PBXCopyFilesBuildPhase section */
		8B73D221247D02A200685CB8 /* Embed App Extensions */ = {
			isa = PBXCopyFilesBuildPhase;
			buildActionMask = 2147483647;
			dstPath = "";
			dstSubfolderSpec = 13;
			files = (
				8B73D20E247D02A100685CB8 /* VulcanTracking WatchKit Extension.appex in Embed App Extensions */,
			);
			name = "Embed App Extensions";
			runOnlyForDeploymentPostprocessing = 0;
		};
		8B73D225247D02A200685CB8 /* Embed Watch Content */ = {
			isa = PBXCopyFilesBuildPhase;
			buildActionMask = 2147483647;
			dstPath = "$(CONTENTS_FOLDER_PATH)/Watch";
			dstSubfolderSpec = 16;
			files = (
				8B73D1FF247D029C00685CB8 /* VulcanTracking WatchKit App.app in Embed Watch Content */,
			);
			name = "Embed Watch Content";
			runOnlyForDeploymentPostprocessing = 0;
		};
/* End PBXCopyFilesBuildPhase section */

/* Begin PBXFileReference section */
		8B73D1FA247D029C00685CB8 /* VulcanTracking.app */ = {isa = PBXFileReference; explicitFileType = wrapper.application; includeInIndex = 0; path = VulcanTracking.app; sourceTree = BUILT_PRODUCTS_DIR; };
		8B73D1FE247D029C00685CB8 /* VulcanTracking WatchKit App.app */ = {isa = PBXFileReference; explicitFileType = wrapper.application; includeInIndex = 0; path = "VulcanTracking WatchKit App.app"; sourceTree = BUILT_PRODUCTS_DIR; };
		8B73D204247D029C00685CB8 /* Base */ = {isa = PBXFileReference; lastKnownFileType = file.storyboard; name = Base; path = Base.lproj/Interface.storyboard; sourceTree = "<group>"; };
		8B73D206247D02A000685CB8 /* Assets.xcassets */ = {isa = PBXFileReference; lastKnownFileType = folder.assetcatalog; path = Assets.xcassets; sourceTree = "<group>"; };
		8B73D208247D02A000685CB8 /* Info.plist */ = {isa = PBXFileReference; lastKnownFileType = text.plist.xml; path = Info.plist; sourceTree = "<group>"; };
		8B73D20D247D02A100685CB8 /* VulcanTracking WatchKit Extension.appex */ = {isa = PBXFileReference; explicitFileType = "wrapper.app-extension"; includeInIndex = 0; path = "VulcanTracking WatchKit Extension.appex"; sourceTree = BUILT_PRODUCTS_DIR; };
		8B73D212247D02A100685CB8 /* InterfaceController.swift */ = {isa = PBXFileReference; lastKnownFileType = sourcecode.swift; path = InterfaceController.swift; sourceTree = "<group>"; };
		8B73D214247D02A100685CB8 /* ExtensionDelegate.swift */ = {isa = PBXFileReference; lastKnownFileType = sourcecode.swift; path = ExtensionDelegate.swift; sourceTree = "<group>"; };
		8B73D216247D02A100685CB8 /* NotificationController.swift */ = {isa = PBXFileReference; lastKnownFileType = sourcecode.swift; path = NotificationController.swift; sourceTree = "<group>"; };
		8B73D218247D02A200685CB8 /* Assets.xcassets */ = {isa = PBXFileReference; lastKnownFileType = folder.assetcatalog; path = Assets.xcassets; sourceTree = "<group>"; };
		8B73D21A247D02A200685CB8 /* Info.plist */ = {isa = PBXFileReference; lastKnownFileType = text.plist.xml; path = Info.plist; sourceTree = "<group>"; };
		8B73D21B247D02A200685CB8 /* PushNotificationPayload.apns */ = {isa = PBXFileReference; lastKnownFileType = text; path = PushNotificationPayload.apns; sourceTree = "<group>"; };
		8B73D229247D04E700685CB8 /* Event.swift */ = {isa = PBXFileReference; lastKnownFileType = sourcecode.swift; path = Event.swift; sourceTree = "<group>"; };
		8B73D22B247D0B0D00685CB8 /* TrackingService.swift */ = {isa = PBXFileReference; lastKnownFileType = sourcecode.swift; path = TrackingService.swift; sourceTree = "<group>"; };
/* End PBXFileReference section */

/* Begin PBXFrameworksBuildPhase section */
		8B73D20A247D02A100685CB8 /* Frameworks */ = {
			isa = PBXFrameworksBuildPhase;
			buildActionMask = 2147483647;
			files = (
			);
			runOnlyForDeploymentPostprocessing = 0;
		};
/* End PBXFrameworksBuildPhase section */

/* Begin PBXGroup section */
		8B73D1F3247D029C00685CB8 = {
			isa = PBXGroup;
			children = (
				8B73D202247D029C00685CB8 /* VulcanTracking WatchKit App */,
				8B73D211247D02A100685CB8 /* VulcanTracking WatchKit Extension */,
				8B73D1FB247D029C00685CB8 /* Products */,
			);
			sourceTree = "<group>";
		};
		8B73D1FB247D029C00685CB8 /* Products */ = {
			isa = PBXGroup;
			children = (
				8B73D1FA247D029C00685CB8 /* VulcanTracking.app */,
				8B73D1FE247D029C00685CB8 /* VulcanTracking WatchKit App.app */,
				8B73D20D247D02A100685CB8 /* VulcanTracking WatchKit Extension.appex */,
			);
			name = Products;
			sourceTree = "<group>";
		};
		8B73D202247D029C00685CB8 /* VulcanTracking WatchKit App */ = {
			isa = PBXGroup;
			children = (
				8B73D203247D029C00685CB8 /* Interface.storyboard */,
				8B73D206247D02A000685CB8 /* Assets.xcassets */,
				8B73D208247D02A000685CB8 /* Info.plist */,
			);
			path = "VulcanTracking WatchKit App";
			sourceTree = "<group>";
		};
		8B73D211247D02A100685CB8 /* VulcanTracking WatchKit Extension */ = {
			isa = PBXGroup;
			children = (
				8B73D212247D02A100685CB8 /* InterfaceController.swift */,
				8B73D214247D02A100685CB8 /* ExtensionDelegate.swift */,
				8B73D216247D02A100685CB8 /* NotificationController.swift */,
				8B73D218247D02A200685CB8 /* Assets.xcassets */,
				8B73D21A247D02A200685CB8 /* Info.plist */,
				8B73D21B247D02A200685CB8 /* PushNotificationPayload.apns */,
				8B73D229247D04E700685CB8 /* Event.swift */,
				8B73D22B247D0B0D00685CB8 /* TrackingService.swift */,
			);
			path = "VulcanTracking WatchKit Extension";
			sourceTree = "<group>";
		};
/* End PBXGroup section */

/* Begin PBXNativeTarget section */
		8B73D1F9247D029C00685CB8 /* VulcanTracking */ = {
			isa = PBXNativeTarget;
			buildConfigurationList = 8B73D226247D02A200685CB8 /* Build configuration list for PBXNativeTarget "VulcanTracking" */;
			buildPhases = (
				8B73D1F8247D029C00685CB8 /* Resources */,
				8B73D225247D02A200685CB8 /* Embed Watch Content */,
			);
			buildRules = (
			);
			dependencies = (
				8B73D201247D029C00685CB8 /* PBXTargetDependency */,
			);
			name = VulcanTracking;
			productName = VulcanTracking;
			productReference = 8B73D1FA247D029C00685CB8 /* VulcanTracking.app */;
			productType = "com.apple.product-type.application.watchapp2-container";
		};
		8B73D1FD247D029C00685CB8 /* VulcanTracking WatchKit App */ = {
			isa = PBXNativeTarget;
			buildConfigurationList = 8B73D222247D02A200685CB8 /* Build configuration list for PBXNativeTarget "VulcanTracking WatchKit App" */;
			buildPhases = (
				8B73D1FC247D029C00685CB8 /* Resources */,
				8B73D221247D02A200685CB8 /* Embed App Extensions */,
			);
			buildRules = (
			);
			dependencies = (
				8B73D210247D02A100685CB8 /* PBXTargetDependency */,
			);
			name = "VulcanTracking WatchKit App";
			productName = "VulcanTracking WatchKit App";
			productReference = 8B73D1FE247D029C00685CB8 /* VulcanTracking WatchKit App.app */;
			productType = "com.apple.product-type.application.watchapp2";
		};
		8B73D20C247D02A100685CB8 /* VulcanTracking WatchKit Extension */ = {
			isa = PBXNativeTarget;
			buildConfigurationList = 8B73D21E247D02A200685CB8 /* Build configuration list for PBXNativeTarget "VulcanTracking WatchKit Extension" */;
			buildPhases = (
				8B73D209247D02A100685CB8 /* Sources */,
				8B73D20A247D02A100685CB8 /* Frameworks */,
				8B73D20B247D02A100685CB8 /* Resources */,
			);
			buildRules = (
			);
			dependencies = (
			);
			name = "VulcanTracking WatchKit Extension";
			productName = "VulcanTracking WatchKit Extension";
			productReference = 8B73D20D247D02A100685CB8 /* VulcanTracking WatchKit Extension.appex */;
			productType = "com.apple.product-type.watchkit2-extension";
		};
/* End PBXNativeTarget section */

/* Begin PBXProject section */
		8B73D1F4247D029C00685CB8 /* Project object */ = {
			isa = PBXProject;
			attributes = {
				LastSwiftUpdateCheck = 1140;
				LastUpgradeCheck = 1140;
				ORGANIZATIONNAME = "[developer]Hai";
				TargetAttributes = {
					8B73D1F9247D029C00685CB8 = {
						CreatedOnToolsVersion = 11.4.1;
					};
					8B73D1FD247D029C00685CB8 = {
						CreatedOnToolsVersion = 11.4.1;
					};
					8B73D20C247D02A100685CB8 = {
						CreatedOnToolsVersion = 11.4.1;
					};
				};
			};
			buildConfigurationList = 8B73D1F7247D029C00685CB8 /* Build configuration list for PBXProject "VulcanTracking" */;
			compatibilityVersion = "Xcode 9.3";
			developmentRegion = en;
			hasScannedForEncodings = 0;
			knownRegions = (
				en,
				Base,
			);
			mainGroup = 8B73D1F3247D029C00685CB8;
			productRefGroup = 8B73D1FB247D029C00685CB8 /* Products */;
			projectDirPath = "";
			projectRoot = "";
			targets = (
				8B73D1F9247D029C00685CB8 /* VulcanTracking */,
				8B73D1FD247D029C00685CB8 /* VulcanTracking WatchKit App */,
				8B73D20C247D02A100685CB8 /* VulcanTracking WatchKit Extension */,
			);
		};
/* End PBXProject section */

/* Begin PBXResourcesBuildPhase section */
		8B73D1F8247D029C00685CB8 /* Resources */ = {
			isa = PBXResourcesBuildPhase;
			buildActionMask = 2147483647;
			files = (
			);
			runOnlyForDeploymentPostprocessing = 0;
		};
		8B73D1FC247D029C00685CB8 /* Resources */ = {
			isa = PBXResourcesBuildPhase;
			buildActionMask = 2147483647;
			files = (
				8B73D207247D02A000685CB8 /* Assets.xcassets in Resources */,
				8B73D205247D029C00685CB8 /* Interface.storyboard in Resources */,
			);
			runOnlyForDeploymentPostprocessing = 0;
		};
		8B73D20B247D02A100685CB8 /* Resources */ = {
			isa = PBXResourcesBuildPhase;
			buildActionMask = 2147483647;
			files = (
				8B73D219247D02A200685CB8 /* Assets.xcassets in Resources */,
			);
			runOnlyForDeploymentPostprocessing = 0;
		};
/* End PBXResourcesBuildPhase section */

/* Begin PBXSourcesBuildPhase section */
		8B73D209247D02A100685CB8 /* Sources */ = {
			isa = PBXSourcesBuildPhase;
			buildActionMask = 2147483647;
			files = (
				8B73D22A247D04E700685CB8 /* Event.swift in Sources */,
				8B73D217247D02A100685CB8 /* NotificationController.swift in Sources */,
				8B73D215247D02A100685CB8 /* ExtensionDelegate.swift in Sources */,
				8B73D22C247D0B0D00685CB8 /* TrackingService.swift in Sources */,
				8B73D213247D02A100685CB8 /* InterfaceController.swift in Sources */,
			);
			runOnlyForDeploymentPostprocessing = 0;
		};
/* End PBXSourcesBuildPhase section */

/* Begin PBXTargetDependency section */
		8B73D201247D029C00685CB8 /* PBXTargetDependency */ = {
			isa = PBXTargetDependency;
			target = 8B73D1FD247D029C00685CB8 /* VulcanTracking WatchKit App */;
			targetProxy = 8B73D200247D029C00685CB8 /* PBXContainerItemProxy */;
		};
		8B73D210247D02A100685CB8 /* PBXTargetDependency */ = {
			isa = PBXTargetDependency;
			target = 8B73D20C247D02A100685CB8 /* VulcanTracking WatchKit Extension */;
			targetProxy = 8B73D20F247D02A100685CB8 /* PBXContainerItemProxy */;
		};
/* End PBXTargetDependency section */

/* Begin PBXVariantGroup section */
		8B73D203247D029C00685CB8 /* Interface.storyboard */ = {
			isa = PBXVariantGroup;
			children = (
				8B73D204247D029C00685CB8 /* Base */,
			);
			name = Interface.storyboard;
			sourceTree = "<group>";
		};
/* End PBXVariantGroup section */

/* Begin XCBuildConfiguration section */
		8B73D21C247D02A200685CB8 /* Debug */ = {
			isa = XCBuildConfiguration;
			buildSettings = {
				ALWAYS_SEARCH_USER_PATHS = NO;
				CLANG_ANALYZER_NONNULL = YES;
				CLANG_ANALYZER_NUMBER_OBJECT_CONVERSION = YES_AGGRESSIVE;
				CLANG_CXX_LANGUAGE_STANDARD = "gnu++14";
				CLANG_CXX_LIBRARY = "libc++";
				CLANG_ENABLE_MODULES = YES;
				CLANG_ENABLE_OBJC_ARC = YES;
				CLANG_ENABLE_OBJC_WEAK = YES;
				CLANG_WARN_BLOCK_CAPTURE_AUTORELEASING = YES;
				CLANG_WARN_BOOL_CONVERSION = YES;
				CLANG_WARN_COMMA = YES;
				CLANG_WARN_CONSTANT_CONVERSION = YES;
				CLANG_WARN_DEPRECATED_OBJC_IMPLEMENTATIONS = YES;
				CLANG_WARN_DIRECT_OBJC_ISA_USAGE = YES_ERROR;
				CLANG_WARN_DOCUMENTATION_COMMENTS = YES;
				CLANG_WARN_EMPTY_BODY = YES;
				CLANG_WARN_ENUM_CONVERSION = YES;
				CLANG_WARN_INFINITE_RECURSION = YES;
				CLANG_WARN_INT_CONVERSION = YES;
				CLANG_WARN_NON_LITERAL_NULL_CONVERSION = YES;
				CLANG_WARN_OBJC_IMPLICIT_RETAIN_SELF = YES;
				CLANG_WARN_OBJC_LITERAL_CONVERSION = YES;
				CLANG_WARN_OBJC_ROOT_CLASS = YES_ERROR;
				CLANG_WARN_RANGE_LOOP_ANALYSIS = YES;
				CLANG_WARN_STRICT_PROTOTYPES = YES;
				CLANG_WARN_SUSPICIOUS_MOVE = YES;
				CLANG_WARN_UNGUARDED_AVAILABILITY = YES_AGGRESSIVE;
				CLANG_WARN_UNREACHABLE_CODE = YES;
				CLANG_WARN__DUPLICATE_METHOD_MATCH = YES;
				COPY_PHASE_STRIP = NO;
				DEBUG_INFORMATION_FORMAT = dwarf;
				ENABLE_STRICT_OBJC_MSGSEND = YES;
				ENABLE_TESTABILITY = YES;
				GCC_C_LANGUAGE_STANDARD = gnu11;
				GCC_DYNAMIC_NO_PIC = NO;
				GCC_NO_COMMON_BLOCKS = YES;
				GCC_OPTIMIZATION_LEVEL = 0;
				GCC_PREPROCESSOR_DEFINITIONS = (
					"DEBUG=1",
					"$(inherited)",
				);
				GCC_WARN_64_TO_32_BIT_CONVERSION = YES;
				GCC_WARN_ABOUT_RETURN_TYPE = YES_ERROR;
				GCC_WARN_UNDECLARED_SELECTOR = YES;
				GCC_WARN_UNINITIALIZED_AUTOS = YES_AGGRESSIVE;
				GCC_WARN_UNUSED_FUNCTION = YES;
				GCC_WARN_UNUSED_VARIABLE = YES;
				MTL_ENABLE_DEBUG_INFO = INCLUDE_SOURCE;
				MTL_FAST_MATH = YES;
				ONLY_ACTIVE_ARCH = YES;
				SDKROOT = iphoneos;
				SWIFT_ACTIVE_COMPILATION_CONDITIONS = DEBUG;
				SWIFT_OPTIMIZATION_LEVEL = "-Onone";
			};
			name = Debug;
		};
		8B73D21D247D02A200685CB8 /* Release */ = {
			isa = XCBuildConfiguration;
			buildSettings = {
				ALWAYS_SEARCH_USER_PATHS = NO;
				CLANG_ANALYZER_NONNULL = YES;
				CLANG_ANALYZER_NUMBER_OBJECT_CONVERSION = YES_AGGRESSIVE;
				CLANG_CXX_LANGUAGE_STANDARD = "gnu++14";
				CLANG_CXX_LIBRARY = "libc++";
				CLANG_ENABLE_MODULES = YES;
				CLANG_ENABLE_OBJC_ARC = YES;
				CLANG_ENABLE_OBJC_WEAK = YES;
				CLANG_WARN_BLOCK_CAPTURE_AUTORELEASING = YES;
				CLANG_WARN_BOOL_CONVERSION = YES;
				CLANG_WARN_COMMA = YES;
				CLANG_WARN_CONSTANT_CONVERSION = YES;
				CLANG_WARN_DEPRECATED_OBJC_IMPLEMENTATIONS = YES;
				CLANG_WARN_DIRECT_OBJC_ISA_USAGE = YES_ERROR;
				CLANG_WARN_DOCUMENTATION_COMMENTS = YES;
				CLANG_WARN_EMPTY_BODY = YES;
				CLANG_WARN_ENUM_CONVERSION = YES;
				CLANG_WARN_INFINITE_RECURSION = YES;
				CLANG_WARN_INT_CONVERSION = YES;
				CLANG_WARN_NON_LITERAL_NULL_CONVERSION = YES;
				CLANG_WARN_OBJC_IMPLICIT_RETAIN_SELF = YES;
				CLANG_WARN_OBJC_LITERAL_CONVERSION = YES;
				CLANG_WARN_OBJC_ROOT_CLASS = YES_ERROR;
				CLANG_WARN_RANGE_LOOP_ANALYSIS = YES;
				CLANG_WARN_STRICT_PROTOTYPES = YES;
				CLANG_WARN_SUSPICIOUS_MOVE = YES;
				CLANG_WARN_UNGUARDED_AVAILABILITY = YES_AGGRESSIVE;
				CLANG_WARN_UNREACHABLE_CODE = YES;
				CLANG_WARN__DUPLICATE_METHOD_MATCH = YES;
				COPY_PHASE_STRIP = NO;
				DEBUG_INFORMATION_FORMAT = "dwarf-with-dsym";
				ENABLE_NS_ASSERTIONS = NO;
				ENABLE_STRICT_OBJC_MSGSEND = YES;
				GCC_C_LANGUAGE_STANDARD = gnu11;
				GCC_NO_COMMON_BLOCKS = YES;
				GCC_WARN_64_TO_32_BIT_CONVERSION = YES;
				GCC_WARN_ABOUT_RETURN_TYPE = YES_ERROR;
				GCC_WARN_UNDECLARED_SELECTOR = YES;
				GCC_WARN_UNINITIALIZED_AUTOS = YES_AGGRESSIVE;
				GCC_WARN_UNUSED_FUNCTION = YES;
				GCC_WARN_UNUSED_VARIABLE = YES;
				MTL_ENABLE_DEBUG_INFO = NO;
				MTL_FAST_MATH = YES;
				SDKROOT = iphoneos;
				SWIFT_COMPILATION_MODE = wholemodule;
				SWIFT_OPTIMIZATION_LEVEL = "-O";
				VALIDATE_PRODUCT = YES;
			};
			name = Release;
		};
		8B73D21F247D02A200685CB8 /* Debug */ = {
			isa = XCBuildConfiguration;
			buildSettings = {
				ASSETCATALOG_COMPILER_COMPLICATION_NAME = Complication;
				CODE_SIGN_STYLE = Automatic;
				DEVELOPMENT_TEAM = 4VAL99JDN2;
				INFOPLIST_FILE = "VulcanTracking WatchKit Extension/Info.plist";
				LD_RUNPATH_SEARCH_PATHS = (
					"$(inherited)",
					"@executable_path/Frameworks",
					"@executable_path/../../Frameworks",
				);
				PRODUCT_BUNDLE_IDENTIFIER = co.vulcanlab.VulcanTracking.watchkitapp.watchkitextension;
				PRODUCT_NAME = "${TARGET_NAME}";
				SDKROOT = watchos;
				SKIP_INSTALL = YES;
				SWIFT_VERSION = 5.0;
				TARGETED_DEVICE_FAMILY = 4;
				WATCHOS_DEPLOYMENT_TARGET = 6.2;
			};
			name = Debug;
		};
		8B73D220247D02A200685CB8 /* Release */ = {
			isa = XCBuildConfiguration;
			buildSettings = {
				ASSETCATALOG_COMPILER_COMPLICATION_NAME = Complication;
				CODE_SIGN_STYLE = Automatic;
				DEVELOPMENT_TEAM = 4VAL99JDN2;
				INFOPLIST_FILE = "VulcanTracking WatchKit Extension/Info.plist";
				LD_RUNPATH_SEARCH_PATHS = (
					"$(inherited)",
					"@executable_path/Frameworks",
					"@executable_path/../../Frameworks",
				);
				PRODUCT_BUNDLE_IDENTIFIER = co.vulcanlab.VulcanTracking.watchkitapp.watchkitextension;
				PRODUCT_NAME = "${TARGET_NAME}";
				SDKROOT = watchos;
				SKIP_INSTALL = YES;
				SWIFT_VERSION = 5.0;
				TARGETED_DEVICE_FAMILY = 4;
				WATCHOS_DEPLOYMENT_TARGET = 6.2;
			};
			name = Release;
		};
		8B73D223247D02A200685CB8 /* Debug */ = {
			isa = XCBuildConfiguration;
			buildSettings = {
				ALWAYS_EMBED_SWIFT_STANDARD_LIBRARIES = YES;
				ASSETCATALOG_COMPILER_APPICON_NAME = AppIcon;
				CODE_SIGN_STYLE = Automatic;
				DEVELOPMENT_TEAM = 4VAL99JDN2;
				IBSC_MODULE = VulcanTracking_WatchKit_Extension;
				INFOPLIST_FILE = "VulcanTracking WatchKit App/Info.plist";
				PRODUCT_BUNDLE_IDENTIFIER = co.vulcanlab.VulcanTracking.watchkitapp;
				PRODUCT_NAME = "$(TARGET_NAME)";
				SDKROOT = watchos;
				SKIP_INSTALL = YES;
				SWIFT_VERSION = 5.0;
				TARGETED_DEVICE_FAMILY = 4;
				WATCHOS_DEPLOYMENT_TARGET = 6.2;
			};
			name = Debug;
		};
		8B73D224247D02A200685CB8 /* Release */ = {
			isa = XCBuildConfiguration;
			buildSettings = {
				ALWAYS_EMBED_SWIFT_STANDARD_LIBRARIES = YES;
				ASSETCATALOG_COMPILER_APPICON_NAME = AppIcon;
				CODE_SIGN_STYLE = Automatic;
				DEVELOPMENT_TEAM = 4VAL99JDN2;
				IBSC_MODULE = VulcanTracking_WatchKit_Extension;
				INFOPLIST_FILE = "VulcanTracking WatchKit App/Info.plist";
				PRODUCT_BUNDLE_IDENTIFIER = co.vulcanlab.VulcanTracking.watchkitapp;
				PRODUCT_NAME = "$(TARGET_NAME)";
				SDKROOT = watchos;
				SKIP_INSTALL = YES;
				SWIFT_VERSION = 5.0;
				TARGETED_DEVICE_FAMILY = 4;
				WATCHOS_DEPLOYMENT_TARGET = 6.2;
			};
			name = Release;
		};
		8B73D227247D02A200685CB8 /* Debug */ = {
			isa = XCBuildConfiguration;
			buildSettings = {
				CODE_SIGN_STYLE = Automatic;
				CURRENT_PROJECT_VERSION = 1;
				DEVELOPMENT_TEAM = 4VAL99JDN2;
				MARKETING_VERSION = 1.0;
				PRODUCT_BUNDLE_IDENTIFIER = co.vulcanlab.VulcanTracking;
				PRODUCT_NAME = "$(TARGET_NAME)";
				SWIFT_VERSION = 5.0;
			};
			name = Debug;
		};
		8B73D228247D02A200685CB8 /* Release */ = {
			isa = XCBuildConfiguration;
			buildSettings = {
				CODE_SIGN_STYLE = Automatic;
				CURRENT_PROJECT_VERSION = 1;
				DEVELOPMENT_TEAM = 4VAL99JDN2;
				MARKETING_VERSION = 1.0;
				PRODUCT_BUNDLE_IDENTIFIER = co.vulcanlab.VulcanTracking;
				PRODUCT_NAME = "$(TARGET_NAME)";
				SWIFT_VERSION = 5.0;
			};
			name = Release;
		};
/* End XCBuildConfiguration section */

/* Begin XCConfigurationList section */
		8B73D1F7247D029C00685CB8 /* Build configuration list for PBXProject "VulcanTracking" */ = {
			isa = XCConfigurationList;
			buildConfigurations = (
				8B73D21C247D02A200685CB8 /* Debug */,
				8B73D21D247D02A200685CB8 /* Release */,
			);
			defaultConfigurationIsVisible = 0;
			defaultConfigurationName = Release;
		};
		8B73D21E247D02A200685CB8 /* Build configuration list for PBXNativeTarget "VulcanTracking WatchKit Extension" */ = {
			isa = XCConfigurationList;
			buildConfigurations = (
				8B73D21F247D02A200685CB8 /* Debug */,
				8B73D220247D02A200685CB8 /* Release */,
			);
			defaultConfigurationIsVisible = 0;
			defaultConfigurationName = Release;
		};
		8B73D222247D02A200685CB8 /* Build configuration list for PBXNativeTarget "VulcanTracking WatchKit App" */ = {
			isa = XCConfigurationList;
			buildConfigurations = (
				8B73D223247D02A200685CB8 /* Debug */,
				8B73D224247D02A200685CB8 /* Release */,
			);
			defaultConfigurationIsVisible = 0;
			defaultConfigurationName = Release;
		};
		8B73D226247D02A200685CB8 /* Build configuration list for PBXNativeTarget "VulcanTracking" */ = {
			isa = XCConfigurationList;
			buildConfigurations = (
				8B73D227247D02A200685CB8 /* Debug */,
				8B73D228247D02A200685CB8 /* Release */,
			);
			defaultConfigurationIsVisible = 0;
			defaultConfigurationName = Release;
		};
/* End XCConfigurationList section */
	};
	rootObject = 8B73D1F4247D029C00685CB8 /* Project object */;
}
